<?xml version="1.0" encoding="utf-8"?>
<Project ToolsVersion="4.0" xmlns="http://schemas.microsoft.com/developer/msbuild/2003">
  <ItemGroup>
    <ClCompile Include="main.cpp" />
    <ClCompile Include="script.cpp" />
    <ClCompile Include="..\inih\ini.c">
      <Filter>inih</Filter>
    </ClCompile>
    <ClCompile Include="..\inih\cpp\INIReader.cpp">
      <Filter>inih</Filter>
    </ClCompile>
    <ClCompile Include="..\tinyxml2\tinyxml2.cpp">
      <Filter>tinyxml2</Filter>
    </ClCompile>
    <ClCompile Include="keyboard.cpp" />
    <ClCompile Include="NativeMemory.cpp" />
    <ClCompile Include="VehicleData.cpp" />
  </ItemGroup>
  <ItemGroup>
    <ClInclude Include="script.h" />
    <ClInclude Include="..\inih\ini.h">
      <Filter>inih</Filter>
    </ClInclude>
    <ClInclude Include="..\inih\cpp\INIReader.h">
      <Filter>inih</Filter>
    </ClInclude>
    <ClInclude Include="..\tinyxml2\tinyxml2.h">
      <Filter>tinyxml2</Filter>
    </ClInclude>
    <ClInclude Include="keyboard.h" />
    <ClInclude Include="NativeMemory.hpp" />
    <ClInclude Include="VehicleData.h" />
    <ClInclude Include="..\..\ScriptHookV_SDK\inc\natives.h">
      <Filter>scripthookv</Filter>
    </ClInclude>
    <ClInclude Include="..\..\ScriptHookV_SDK\inc\enums.h">
      <Filter>scripthookv</Filter>
    </ClInclude>
    <ClInclude Include="..\..\ScriptHookV_SDK\inc\types.h">
      <Filter>scripthookv</Filter>
    </ClInclude>
    <ClInclude Include="..\..\ScriptHookV_SDK\inc\main.h">
      <Filter>scripthookv</Filter>
    </ClInclude>
  </ItemGroup>
  <ItemGroup>
    <Filter Include="inih">
      <UniqueIdentifier>{a0640629-34fe-4476-9302-111b2b4c0223}</UniqueIdentifier>
    </Filter>
    <Filter Include="tinyxml2">
      <UniqueIdentifier>{de410f6f-326e-4c9b-8558-64aadf4a42c6}</UniqueIdentifier>
    </Filter>
    <Filter Include="scripthookv">
      <UniqueIdentifier>{a7d3c671-b757-46b1-8bf5-0fb30ce6dfb8}</UniqueIdentifier>
    </Filter>
  </ItemGroup>
</Project>